
Microsoft Visual Studio Solution File, Format Version 12.00
# Visual Studio Version 16
VisualStudioVersion = 16.0.29102.190
MinimumVisualStudioVersion = 10.0.40219.1
Project("{FAE04EC0-301F-11D3-BF4B-00C04F79EFBC}") = "UnibelDestekSistemi", "UnibelDestekSistemi.csproj", "{CFF2A31E-3C6C-41E0-8DDF-7E43A68E1A5E}"
EndProject
Global
	GlobalSection(SolutionConfigurationPlatforms) = preSolution
		Debug|Any CPU = Debug|Any CPU
		Release|Any CPU = Release|Any CPU
	EndGlobalSection
	GlobalSection(ProjectConfigurationPlatforms) = postSolution
		{CFF2A31E-3C6C-41E0-8DDF-7E43A68E1A5E}.Debug|Any CPU.ActiveCfg = Debug|Any CPU
		{CFF2A31E-3C6C-41E0-8DDF-7E43A68E1A5E}.Debug|Any CPU.Build.0 = Debug|Any CPU
		{CFF2A31E-3C6C-41E0-8DDF-7E43A68E1A5E}.Release|Any CPU.ActiveCfg = Release|Any CPU
		{CFF2A31E-3C6C-41E0-8DDF-7E43A68E1A5E}.Release|Any CPU.Build.0 = Release|Any CPU
	EndGlobalSection
	GlobalSection(SolutionProperties) = preSolution
		HideSolutionNode = FALSE
	EndGlobalSection
	GlobalSection(ExtensibilityGlobals) = postSolution
		SolutionGuid = {F15E7904-55E7-41F0-A7BB-15FA95138C00}
	EndGlobalSection
	GlobalSection(TeamFoundationVersionControl) = preSolution
		SccNumberOfProjects = 2
		SccEnterpriseProvider = {4CA58AB2-18FA-4F8D-95D4-32DDF27D184C}
		SccTeamFoundationServer = https://dev.azure.com/gameoverfeargo
		SccLocalPath0 = .
		SccProjectUniqueName1 = UnibelDestekSistemi.csproj
		SccLocalPath1 = .
	EndGlobalSection
EndGlobal
